
Microsoft Visual Studio Solution File, Format Version 12.00
# Visual Studio Version 16
VisualStudioVersion = 16.0.31410.357
MinimumVisualStudioVersion = 10.0.40219.1
Project("{FAE04EC0-301F-11D3-BF4B-00C04F79EFBC}") = "TestProject", "TestProject.csproj", "{CDA3F49C-898C-4389-B282-A7E5F04DFCA2}"
EndProject
Project("{9A19103F-16F7-4668-BE54-9A1E7A4F7556}") = "Booking", "..\WeatherApi\Booking.csproj", "{F2A27602-A9B9-4DD3-8AD3-9D692FB7E07A}"
EndProject
Global
	GlobalSection(SolutionConfigurationPlatforms) = preSolution
		Debug|Any CPU = Debug|Any CPU
		Release|Any CPU = Release|Any CPU
	EndGlobalSection
	GlobalSection(ProjectConfigurationPlatforms) = postSolution
		{CDA3F49C-898C-4389-B282-A7E5F04DFCA2}.Debug|Any CPU.ActiveCfg = Debug|Any CPU
		{CDA3F49C-898C-4389-B282-A7E5F04DFCA2}.Debug|Any CPU.Build.0 = Debug|Any CPU
		{CDA3F49C-898C-4389-B282-A7E5F04DFCA2}.Release|Any CPU.ActiveCfg = Release|Any CPU
		{CDA3F49C-898C-4389-B282-A7E5F04DFCA2}.Release|Any CPU.Build.0 = Release|Any CPU
		{F2A27602-A9B9-4DD3-8AD3-9D692FB7E07A}.Debug|Any CPU.ActiveCfg = Debug|Any CPU
		{F2A27602-A9B9-4DD3-8AD3-9D692FB7E07A}.Debug|Any CPU.Build.0 = Debug|Any CPU
		{F2A27602-A9B9-4DD3-8AD3-9D692FB7E07A}.Release|Any CPU.ActiveCfg = Release|Any CPU
		{F2A27602-A9B9-4DD3-8AD3-9D692FB7E07A}.Release|Any CPU.Build.0 = Release|Any CPU
	EndGlobalSection
	GlobalSection(SolutionProperties) = preSolution
		HideSolutionNode = FALSE
	EndGlobalSection
	GlobalSection(ExtensibilityGlobals) = postSolution
		SolutionGuid = {8B10C3B5-BF4D-44DE-A0BB-72EF6C4A448F}
	EndGlobalSection
EndGlobal
